
Microsoft Visual Studio Solution File, Format Version 12.00
# Visual Studio Version 17
VisualStudioVersion = 17.8.34330.188
MinimumVisualStudioVersion = 10.0.40219.1
Project("{FAE04EC0-301F-11D3-BF4B-00C04F79EFBC}") = "Eroola.Portfolio.WebApi", "Eroola.Portfolio.WebApi\Eroola.Portfolio.WebApi.csproj", "{190CB0D6-29BB-4700-9844-68F87B8A7A4D}"
EndProject
Global
	GlobalSection(SolutionConfigurationPlatforms) = preSolution
		Debug|Any CPU = Debug|Any CPU
		Release|Any CPU = Release|Any CPU
	EndGlobalSection
	GlobalSection(ProjectConfigurationPlatforms) = postSolution
		{190CB0D6-29BB-4700-9844-68F87B8A7A4D}.Debug|Any CPU.ActiveCfg = Debug|Any CPU
		{190CB0D6-29BB-4700-9844-68F87B8A7A4D}.Debug|Any CPU.Build.0 = Debug|Any CPU
		{190CB0D6-29BB-4700-9844-68F87B8A7A4D}.Release|Any CPU.ActiveCfg = Release|Any CPU
		{190CB0D6-29BB-4700-9844-68F87B8A7A4D}.Release|Any CPU.Build.0 = Release|Any CPU
	EndGlobalSection
	GlobalSection(SolutionProperties) = preSolution
		HideSolutionNode = FALSE
	EndGlobalSection
	GlobalSection(ExtensibilityGlobals) = postSolution
		SolutionGuid = {71BE5D62-35FA-4476-B4AF-9C91A257615C}
	EndGlobalSection
EndGlobal
